
Microsoft Visual Studio Solution File, Format Version 12.00
# Visual Studio Version 17
VisualStudioVersion = 17.14.36301.6
MinimumVisualStudioVersion = 10.0.40219.1
Project("{2150E333-8FDC-42A3-9474-1A3956D46DE8}") = "Dominio", "Dominio", "{02EA681E-C7D8-13C7-8484-4AC65E1B71E8}"
EndProject
Project("{2150E333-8FDC-42A3-9474-1A3956D46DE8}") = "Aplicacion", "Aplicacion", "{A38E9BB1-AF47-400E-BEAB-4637648154A8}"
EndProject
Project("{2150E333-8FDC-42A3-9474-1A3956D46DE8}") = "Infraestructura", "Infraestructura", "{79B00848-6E59-4E97-9D1C-DC4DBFD8E5B4}"
EndProject
Project("{FAE04EC0-301F-11D3-BF4B-00C04F79EFBC}") = "Dominio", "Dominio\Dominio.csproj", "{D9B7A618-F04E-48C3-AEE7-74F24043E532}"
EndProject
Project("{FAE04EC0-301F-11D3-BF4B-00C04F79EFBC}") = "Aplicacion", "Aplicacion\Aplicacion.csproj", "{05E2FC1E-5728-4718-9B5C-D0E8833F627E}"
EndProject
Project("{FAE04EC0-301F-11D3-BF4B-00C04F79EFBC}") = "Datos", "Datos\Datos.csproj", "{01B5A7B7-59C5-4B0B-8725-32C8DA7C46DB}"
EndProject
Project("{FAE04EC0-301F-11D3-BF4B-00C04F79EFBC}") = "DTO", "DTO\DTO.csproj", "{056D1441-4E44-4AEF-9047-908ADB7BDCD1}"
EndProject
Project("{FAE04EC0-301F-11D3-BF4B-00C04F79EFBC}") = "PropiedadesAPI", "PropiedadesAPI\PropiedadesAPI.csproj", "{D43606F9-AFD0-489C-BC21-756EE05E8828}"
EndProject
Project("{2150E333-8FDC-42A3-9474-1A3956D46DE8}") = "PruebasUnitarias", "PruebasUnitarias", "{99504179-5374-4A73-B019-5178F1A07727}"
EndProject
Project("{FAE04EC0-301F-11D3-BF4B-00C04F79EFBC}") = "Pruebas", "Pruebas\Pruebas.csproj", "{0B09B5CD-B403-4C00-8166-9FA8CBFB72B9}"
EndProject
Global
	GlobalSection(SolutionConfigurationPlatforms) = preSolution
		Debug|Any CPU = Debug|Any CPU
		Debug|x64 = Debug|x64
		Debug|x86 = Debug|x86
		Release|Any CPU = Release|Any CPU
		Release|x64 = Release|x64
		Release|x86 = Release|x86
	EndGlobalSection
	GlobalSection(ProjectConfigurationPlatforms) = postSolution
		{D9B7A618-F04E-48C3-AEE7-74F24043E532}.Debug|Any CPU.ActiveCfg = Debug|Any CPU
		{D9B7A618-F04E-48C3-AEE7-74F24043E532}.Debug|Any CPU.Build.0 = Debug|Any CPU
		{D9B7A618-F04E-48C3-AEE7-74F24043E532}.Debug|x64.ActiveCfg = Debug|Any CPU
		{D9B7A618-F04E-48C3-AEE7-74F24043E532}.Debug|x64.Build.0 = Debug|Any CPU
		{D9B7A618-F04E-48C3-AEE7-74F24043E532}.Debug|x86.ActiveCfg = Debug|Any CPU
		{D9B7A618-F04E-48C3-AEE7-74F24043E532}.Debug|x86.Build.0 = Debug|Any CPU
		{D9B7A618-F04E-48C3-AEE7-74F24043E532}.Release|Any CPU.ActiveCfg = Release|Any CPU
		{D9B7A618-F04E-48C3-AEE7-74F24043E532}.Release|Any CPU.Build.0 = Release|Any CPU
		{D9B7A618-F04E-48C3-AEE7-74F24043E532}.Release|x64.ActiveCfg = Release|Any CPU
		{D9B7A618-F04E-48C3-AEE7-74F24043E532}.Release|x64.Build.0 = Release|Any CPU
		{D9B7A618-F04E-48C3-AEE7-74F24043E532}.Release|x86.ActiveCfg = Release|Any CPU
		{D9B7A618-F04E-48C3-AEE7-74F24043E532}.Release|x86.Build.0 = Release|Any CPU
		{05E2FC1E-5728-4718-9B5C-D0E8833F627E}.Debug|Any CPU.ActiveCfg = Debug|Any CPU
		{05E2FC1E-5728-4718-9B5C-D0E8833F627E}.Debug|Any CPU.Build.0 = Debug|Any CPU
		{05E2FC1E-5728-4718-9B5C-D0E8833F627E}.Debug|x64.ActiveCfg = Debug|Any CPU
		{05E2FC1E-5728-4718-9B5C-D0E8833F627E}.Debug|x64.Build.0 = Debug|Any CPU
		{05E2FC1E-5728-4718-9B5C-D0E8833F627E}.Debug|x86.ActiveCfg = Debug|Any CPU
		{05E2FC1E-5728-4718-9B5C-D0E8833F627E}.Debug|x86.Build.0 = Debug|Any CPU
		{05E2FC1E-5728-4718-9B5C-D0E8833F627E}.Release|Any CPU.ActiveCfg = Release|Any CPU
		{05E2FC1E-5728-4718-9B5C-D0E8833F627E}.Release|Any CPU.Build.0 = Release|Any CPU
		{05E2FC1E-5728-4718-9B5C-D0E8833F627E}.Release|x64.ActiveCfg = Release|Any CPU
		{05E2FC1E-5728-4718-9B5C-D0E8833F627E}.Release|x64.Build.0 = Release|Any CPU
		{05E2FC1E-5728-4718-9B5C-D0E8833F627E}.Release|x86.ActiveCfg = Release|Any CPU
		{05E2FC1E-5728-4718-9B5C-D0E8833F627E}.Release|x86.Build.0 = Release|Any CPU
		{01B5A7B7-59C5-4B0B-8725-32C8DA7C46DB}.Debug|Any CPU.ActiveCfg = Debug|Any CPU
		{01B5A7B7-59C5-4B0B-8725-32C8DA7C46DB}.Debug|Any CPU.Build.0 = Debug|Any CPU
		{01B5A7B7-59C5-4B0B-8725-32C8DA7C46DB}.Debug|x64.ActiveCfg = Debug|Any CPU
		{01B5A7B7-59C5-4B0B-8725-32C8DA7C46DB}.Debug|x64.Build.0 = Debug|Any CPU
		{01B5A7B7-59C5-4B0B-8725-32C8DA7C46DB}.Debug|x86.ActiveCfg = Debug|Any CPU
		{01B5A7B7-59C5-4B0B-8725-32C8DA7C46DB}.Debug|x86.Build.0 = Debug|Any CPU
		{01B5A7B7-59C5-4B0B-8725-32C8DA7C46DB}.Release|Any CPU.ActiveCfg = Release|Any CPU
		{01B5A7B7-59C5-4B0B-8725-32C8DA7C46DB}.Release|Any CPU.Build.0 = Release|Any CPU
		{01B5A7B7-59C5-4B0B-8725-32C8DA7C46DB}.Release|x64.ActiveCfg = Release|Any CPU
		{01B5A7B7-59C5-4B0B-8725-32C8DA7C46DB}.Release|x64.Build.0 = Release|Any CPU
		{01B5A7B7-59C5-4B0B-8725-32C8DA7C46DB}.Release|x86.ActiveCfg = Release|Any CPU
		{01B5A7B7-59C5-4B0B-8725-32C8DA7C46DB}.Release|x86.Build.0 = Release|Any CPU
		{056D1441-4E44-4AEF-9047-908ADB7BDCD1}.Debug|Any CPU.ActiveCfg = Debug|Any CPU
		{056D1441-4E44-4AEF-9047-908ADB7BDCD1}.Debug|Any CPU.Build.0 = Debug|Any CPU
		{056D1441-4E44-4AEF-9047-908ADB7BDCD1}.Debug|x64.ActiveCfg = Debug|Any CPU
		{056D1441-4E44-4AEF-9047-908ADB7BDCD1}.Debug|x64.Build.0 = Debug|Any CPU
		{056D1441-4E44-4AEF-9047-908ADB7BDCD1}.Debug|x86.ActiveCfg = Debug|Any CPU
		{056D1441-4E44-4AEF-9047-908ADB7BDCD1}.Debug|x86.Build.0 = Debug|Any CPU
		{056D1441-4E44-4AEF-9047-908ADB7BDCD1}.Release|Any CPU.ActiveCfg = Release|Any CPU
		{056D1441-4E44-4AEF-9047-908ADB7BDCD1}.Release|Any CPU.Build.0 = Release|Any CPU
		{056D1441-4E44-4AEF-9047-908ADB7BDCD1}.Release|x64.ActiveCfg = Release|Any CPU
		{056D1441-4E44-4AEF-9047-908ADB7BDCD1}.Release|x64.Build.0 = Release|Any CPU
		{056D1441-4E44-4AEF-9047-908ADB7BDCD1}.Release|x86.ActiveCfg = Release|Any CPU
		{056D1441-4E44-4AEF-9047-908ADB7BDCD1}.Release|x86.Build.0 = Release|Any CPU
		{D43606F9-AFD0-489C-BC21-756EE05E8828}.Debug|Any CPU.ActiveCfg = Debug|Any CPU
		{D43606F9-AFD0-489C-BC21-756EE05E8828}.Debug|Any CPU.Build.0 = Debug|Any CPU
		{D43606F9-AFD0-489C-BC21-756EE05E8828}.Debug|x64.ActiveCfg = Debug|Any CPU
		{D43606F9-AFD0-489C-BC21-756EE05E8828}.Debug|x64.Build.0 = Debug|Any CPU
		{D43606F9-AFD0-489C-BC21-756EE05E8828}.Debug|x86.ActiveCfg = Debug|Any CPU
		{D43606F9-AFD0-489C-BC21-756EE05E8828}.Debug|x86.Build.0 = Debug|Any CPU
		{D43606F9-AFD0-489C-BC21-756EE05E8828}.Release|Any CPU.ActiveCfg = Release|Any CPU
		{D43606F9-AFD0-489C-BC21-756EE05E8828}.Release|Any CPU.Build.0 = Release|Any CPU
		{D43606F9-AFD0-489C-BC21-756EE05E8828}.Release|x64.ActiveCfg = Release|Any CPU
		{D43606F9-AFD0-489C-BC21-756EE05E8828}.Release|x64.Build.0 = Release|Any CPU
		{D43606F9-AFD0-489C-BC21-756EE05E8828}.Release|x86.ActiveCfg = Release|Any CPU
		{D43606F9-AFD0-489C-BC21-756EE05E8828}.Release|x86.Build.0 = Release|Any CPU
		{0B09B5CD-B403-4C00-8166-9FA8CBFB72B9}.Debug|Any CPU.ActiveCfg = Debug|Any CPU
		{0B09B5CD-B403-4C00-8166-9FA8CBFB72B9}.Debug|Any CPU.Build.0 = Debug|Any CPU
		{0B09B5CD-B403-4C00-8166-9FA8CBFB72B9}.Debug|x64.ActiveCfg = Debug|Any CPU
		{0B09B5CD-B403-4C00-8166-9FA8CBFB72B9}.Debug|x64.Build.0 = Debug|Any CPU
		{0B09B5CD-B403-4C00-8166-9FA8CBFB72B9}.Debug|x86.ActiveCfg = Debug|Any CPU
		{0B09B5CD-B403-4C00-8166-9FA8CBFB72B9}.Debug|x86.Build.0 = Debug|Any CPU
		{0B09B5CD-B403-4C00-8166-9FA8CBFB72B9}.Release|Any CPU.ActiveCfg = Release|Any CPU
		{0B09B5CD-B403-4C00-8166-9FA8CBFB72B9}.Release|Any CPU.Build.0 = Release|Any CPU
		{0B09B5CD-B403-4C00-8166-9FA8CBFB72B9}.Release|x64.ActiveCfg = Release|Any CPU
		{0B09B5CD-B403-4C00-8166-9FA8CBFB72B9}.Release|x64.Build.0 = Release|Any CPU
		{0B09B5CD-B403-4C00-8166-9FA8CBFB72B9}.Release|x86.ActiveCfg = Release|Any CPU
		{0B09B5CD-B403-4C00-8166-9FA8CBFB72B9}.Release|x86.Build.0 = Release|Any CPU
	EndGlobalSection
	GlobalSection(SolutionProperties) = preSolution
		HideSolutionNode = FALSE
	EndGlobalSection
	GlobalSection(NestedProjects) = preSolution
		{D9B7A618-F04E-48C3-AEE7-74F24043E532} = {02EA681E-C7D8-13C7-8484-4AC65E1B71E8}
		{05E2FC1E-5728-4718-9B5C-D0E8833F627E} = {A38E9BB1-AF47-400E-BEAB-4637648154A8}
		{01B5A7B7-59C5-4B0B-8725-32C8DA7C46DB} = {79B00848-6E59-4E97-9D1C-DC4DBFD8E5B4}
		{056D1441-4E44-4AEF-9047-908ADB7BDCD1} = {79B00848-6E59-4E97-9D1C-DC4DBFD8E5B4}
		{D43606F9-AFD0-489C-BC21-756EE05E8828} = {79B00848-6E59-4E97-9D1C-DC4DBFD8E5B4}
		{0B09B5CD-B403-4C00-8166-9FA8CBFB72B9} = {99504179-5374-4A73-B019-5178F1A07727}
	EndGlobalSection
	GlobalSection(ExtensibilityGlobals) = postSolution
		SolutionGuid = {C79BCF81-D5CA-43D1-8B3D-405CCAD2427E}
	EndGlobalSection
EndGlobal
